
Microsoft Visual Studio Solution File, Format Version 12.00
# Visual Studio Version 17
VisualStudioVersion = 17.9.34728.123
MinimumVisualStudioVersion = 10.0.40219.1
Project("{8BC9CEB8-8B4A-11D0-8D11-00A0C91BC942}") = "Node_Based_Notes", "Node_Based_Notes\Node_Based_Notes.vcxproj", "{C84EA76C-C275-48BB-BC55-30413B5F5D12}"
EndProject
Global
	GlobalSection(SolutionConfigurationPlatforms) = preSolution
		Debug|x64 = Debug|x64
		Debug|x86 = Debug|x86
		Release|x64 = Release|x64
		Release|x86 = Release|x86
	EndGlobalSection
	GlobalSection(ProjectConfigurationPlatforms) = postSolution
		{C84EA76C-C275-48BB-BC55-30413B5F5D12}.Debug|x64.ActiveCfg = Debug|x64
		{C84EA76C-C275-48BB-BC55-30413B5F5D12}.Debug|x64.Build.0 = Debug|x64
		{C84EA76C-C275-48BB-BC55-30413B5F5D12}.Debug|x86.ActiveCfg = Debug|Win32
		{C84EA76C-C275-48BB-BC55-30413B5F5D12}.Debug|x86.Build.0 = Debug|Win32
		{C84EA76C-C275-48BB-BC55-30413B5F5D12}.Release|x64.ActiveCfg = Release|x64
		{C84EA76C-C275-48BB-BC55-30413B5F5D12}.Release|x64.Build.0 = Release|x64
		{C84EA76C-C275-48BB-BC55-30413B5F5D12}.Release|x86.ActiveCfg = Release|Win32
		{C84EA76C-C275-48BB-BC55-30413B5F5D12}.Release|x86.Build.0 = Release|Win32
	EndGlobalSection
	GlobalSection(SolutionProperties) = preSolution
		HideSolutionNode = FALSE
	EndGlobalSection
	GlobalSection(ExtensibilityGlobals) = postSolution
		SolutionGuid = {8CFACD78-FB75-4A34-AEED-BDBF81EFF08A}
	EndGlobalSection
EndGlobal
